
Microsoft Visual Studio Solution File, Format Version 12.00
Project("{FAE04EC0-301F-11D3-BF4B-00C04F79EFBC}") = "VacCertParser.Console", "VacCertParser.Console\VacCertParser.Console.csproj", "{EAF3412A-4664-465F-AF38-DC5E80AF49DD}"
EndProject
Project("{FAE04EC0-301F-11D3-BF4B-00C04F79EFBC}") = "VacCertParser.Parser", "VacCertParser.Parser\VacCertParser.Parser.csproj", "{F9807037-5CF2-47E5-BC29-B0B7AEDA06CB}"
EndProject
Project("{FAE04EC0-301F-11D3-BF4B-00C04F79EFBC}") = "VacCertParser.Parser.Tests", "VacCertParser.Parser.Tests\VacCertParser.Parser.Tests.csproj", "{45BA7210-94A8-4ECC-8C47-9F5EE5BAAE6D}"
EndProject
Global
	GlobalSection(SolutionConfigurationPlatforms) = preSolution
		Debug|Any CPU = Debug|Any CPU
		Release|Any CPU = Release|Any CPU
	EndGlobalSection
	GlobalSection(ProjectConfigurationPlatforms) = postSolution
		{EAF3412A-4664-465F-AF38-DC5E80AF49DD}.Debug|Any CPU.ActiveCfg = Debug|Any CPU
		{EAF3412A-4664-465F-AF38-DC5E80AF49DD}.Debug|Any CPU.Build.0 = Debug|Any CPU
		{EAF3412A-4664-465F-AF38-DC5E80AF49DD}.Release|Any CPU.ActiveCfg = Release|Any CPU
		{EAF3412A-4664-465F-AF38-DC5E80AF49DD}.Release|Any CPU.Build.0 = Release|Any CPU
		{F9807037-5CF2-47E5-BC29-B0B7AEDA06CB}.Debug|Any CPU.ActiveCfg = Debug|Any CPU
		{F9807037-5CF2-47E5-BC29-B0B7AEDA06CB}.Debug|Any CPU.Build.0 = Debug|Any CPU
		{F9807037-5CF2-47E5-BC29-B0B7AEDA06CB}.Release|Any CPU.ActiveCfg = Release|Any CPU
		{F9807037-5CF2-47E5-BC29-B0B7AEDA06CB}.Release|Any CPU.Build.0 = Release|Any CPU
		{45BA7210-94A8-4ECC-8C47-9F5EE5BAAE6D}.Debug|Any CPU.ActiveCfg = Debug|Any CPU
		{45BA7210-94A8-4ECC-8C47-9F5EE5BAAE6D}.Debug|Any CPU.Build.0 = Debug|Any CPU
		{45BA7210-94A8-4ECC-8C47-9F5EE5BAAE6D}.Release|Any CPU.ActiveCfg = Release|Any CPU
		{45BA7210-94A8-4ECC-8C47-9F5EE5BAAE6D}.Release|Any CPU.Build.0 = Release|Any CPU
	EndGlobalSection
EndGlobal
